{
  "object": {
    "pins": [
      {
        "package": "Outlander Plugins",
        "repositoryURL": "https://github.com/outlander-app/plugin-package.git",
        "state": {
          "branch": null,
          "revision": "b48163e08d834a6d6eb6649fc6e33a236bd3deab",
          "version": "1.0.5"
        }
      }
    ]
  },
  "version": 1
}
